
Microsoft Visual Studio Solution File, Format Version 12.00
Project("{FAE04EC0-301F-11D3-BF4B-00C04F79EFBC}") = "ConfigurationExampleWithDotnetCore", "ConfigurationExampleWithDotnetCore\ConfigurationExampleWithDotnetCore.csproj", "{BAF4C744-D48A-47B9-A67B-655FE4D0330D}"
EndProject
Global
	GlobalSection(SolutionConfigurationPlatforms) = preSolution
		Debug|Any CPU = Debug|Any CPU
		Release|Any CPU = Release|Any CPU
	EndGlobalSection
	GlobalSection(ProjectConfigurationPlatforms) = postSolution
		{BAF4C744-D48A-47B9-A67B-655FE4D0330D}.Debug|Any CPU.ActiveCfg = Debug|Any CPU
		{BAF4C744-D48A-47B9-A67B-655FE4D0330D}.Debug|Any CPU.Build.0 = Debug|Any CPU
		{BAF4C744-D48A-47B9-A67B-655FE4D0330D}.Release|Any CPU.ActiveCfg = Release|Any CPU
		{BAF4C744-D48A-47B9-A67B-655FE4D0330D}.Release|Any CPU.Build.0 = Release|Any CPU
	EndGlobalSection
EndGlobal
